
Microsoft Visual Studio Solution File, Format Version 12.00
# Visual Studio Version 16
VisualStudioVersion = 16.0.32929.386
MinimumVisualStudioVersion = 10.0.40219.1
Project("{9A19103F-16F7-4668-BE54-9A1E7A4F7556}") = "WatchSpace", "WatchSpace\WatchSpace.csproj", "{3C14462C-8950-41D8-9F4C-8F3129BB6ECE}"
EndProject
Project("{FAE04EC0-301F-11D3-BF4B-00C04F79EFBC}") = "EmailService", "EmailService\EmailService.csproj", "{9D935559-8528-4F29-BED0-1DEB822C6786}"
EndProject
Global
	GlobalSection(SolutionConfigurationPlatforms) = preSolution
		Debug|Any CPU = Debug|Any CPU
		Release|Any CPU = Release|Any CPU
	EndGlobalSection
	GlobalSection(ProjectConfigurationPlatforms) = postSolution
		{3C14462C-8950-41D8-9F4C-8F3129BB6ECE}.Debug|Any CPU.ActiveCfg = Debug|Any CPU
		{3C14462C-8950-41D8-9F4C-8F3129BB6ECE}.Debug|Any CPU.Build.0 = Debug|Any CPU
		{3C14462C-8950-41D8-9F4C-8F3129BB6ECE}.Release|Any CPU.ActiveCfg = Release|Any CPU
		{3C14462C-8950-41D8-9F4C-8F3129BB6ECE}.Release|Any CPU.Build.0 = Release|Any CPU
		{9D935559-8528-4F29-BED0-1DEB822C6786}.Debug|Any CPU.ActiveCfg = Debug|Any CPU
		{9D935559-8528-4F29-BED0-1DEB822C6786}.Debug|Any CPU.Build.0 = Debug|Any CPU
		{9D935559-8528-4F29-BED0-1DEB822C6786}.Release|Any CPU.ActiveCfg = Release|Any CPU
		{9D935559-8528-4F29-BED0-1DEB822C6786}.Release|Any CPU.Build.0 = Release|Any CPU
	EndGlobalSection
	GlobalSection(SolutionProperties) = preSolution
		HideSolutionNode = FALSE
	EndGlobalSection
	GlobalSection(ExtensibilityGlobals) = postSolution
		SolutionGuid = {E8805EAD-4A08-4625-824F-A9305A5BBE43}
	EndGlobalSection
EndGlobal
